
Microsoft Visual Studio Solution File, Format Version 12.00
# Visual Studio Version 16
VisualStudioVersion = 16.0.31019.35
MinimumVisualStudioVersion = 10.0.40219.1
Project("{9A19103F-16F7-4668-BE54-9A1E7A4F7556}") = "TaskMaster.AvaloniaUI", "TaskMaster.AvaloniaUI\TaskMaster.AvaloniaUI.csproj", "{7BE28AD0-3FED-427A-84CA-C8DE8042662A}"
EndProject
Project("{9A19103F-16F7-4668-BE54-9A1E7A4F7556}") = "DataAccess", "DataAccess\DataAccess.csproj", "{8D846379-A8F0-4FBE-81A9-C585C991D418}"
EndProject
Project("{FAE04EC0-301F-11D3-BF4B-00C04F79EFBC}") = "TaskUser", "TaskUser\TaskUser.csproj", "{BC62A5D1-794A-4F21-8C32-F2A46B6B6586}"
EndProject
Global
	GlobalSection(SolutionConfigurationPlatforms) = preSolution
		Debug|Any CPU = Debug|Any CPU
		Release|Any CPU = Release|Any CPU
	EndGlobalSection
	GlobalSection(ProjectConfigurationPlatforms) = postSolution
		{7BE28AD0-3FED-427A-84CA-C8DE8042662A}.Debug|Any CPU.ActiveCfg = Debug|Any CPU
		{7BE28AD0-3FED-427A-84CA-C8DE8042662A}.Debug|Any CPU.Build.0 = Debug|Any CPU
		{7BE28AD0-3FED-427A-84CA-C8DE8042662A}.Release|Any CPU.ActiveCfg = Release|Any CPU
		{7BE28AD0-3FED-427A-84CA-C8DE8042662A}.Release|Any CPU.Build.0 = Release|Any CPU
		{8D846379-A8F0-4FBE-81A9-C585C991D418}.Debug|Any CPU.ActiveCfg = Debug|Any CPU
		{8D846379-A8F0-4FBE-81A9-C585C991D418}.Debug|Any CPU.Build.0 = Debug|Any CPU
		{8D846379-A8F0-4FBE-81A9-C585C991D418}.Release|Any CPU.ActiveCfg = Release|Any CPU
		{8D846379-A8F0-4FBE-81A9-C585C991D418}.Release|Any CPU.Build.0 = Release|Any CPU
		{BC62A5D1-794A-4F21-8C32-F2A46B6B6586}.Debug|Any CPU.ActiveCfg = Debug|Any CPU
		{BC62A5D1-794A-4F21-8C32-F2A46B6B6586}.Debug|Any CPU.Build.0 = Debug|Any CPU
		{BC62A5D1-794A-4F21-8C32-F2A46B6B6586}.Release|Any CPU.ActiveCfg = Release|Any CPU
		{BC62A5D1-794A-4F21-8C32-F2A46B6B6586}.Release|Any CPU.Build.0 = Release|Any CPU
	EndGlobalSection
	GlobalSection(SolutionProperties) = preSolution
		HideSolutionNode = FALSE
	EndGlobalSection
	GlobalSection(ExtensibilityGlobals) = postSolution
		SolutionGuid = {68B565EC-C951-47FC-BB44-4CCFC91870FE}
	EndGlobalSection
EndGlobal
